// !$*UTF8*$!
{
	archiveVersion = 1;
	classes = {
	};
	objectVersion = 50;
	objects = {

/* Begin PBXBuildFile section */
		8540EBF52496430200A2AF9E /* Grid.swift in Sources */ = {isa = PBXBuildFile; fileRef = 8540EBF42496430200A2AF9E /* Grid.swift */; };
		8540EBF72496482600A2AF9E /* GridLayout.swift in Sources */ = {isa = PBXBuildFile; fileRef = 8540EBF62496482600A2AF9E /* GridLayout.swift */; };
		8540EBF9249684FE00A2AF9E /* Theme.swift in Sources */ = {isa = PBXBuildFile; fileRef = 8540EBF8249684FE00A2AF9E /* Theme.swift */; };
		8540EBFB249F977C00A2AF9E /* Pie.swift in Sources */ = {isa = PBXBuildFile; fileRef = 8540EBFA249F977C00A2AF9E /* Pie.swift */; };
		8540EBFD249F9D9C00A2AF9E /* Cardify.swift in Sources */ = {isa = PBXBuildFile; fileRef = 8540EBFC249F9D9C00A2AF9E /* Cardify.swift */; };
		854CE6CE2483CFF300CDA53B /* AppDelegate.swift in Sources */ = {isa = PBXBuildFile; fileRef = 854CE6CD2483CFF300CDA53B /* AppDelegate.swift */; };
		854CE6D02483CFF300CDA53B /* SceneDelegate.swift in Sources */ = {isa = PBXBuildFile; fileRef = 854CE6CF2483CFF300CDA53B /* SceneDelegate.swift */; };
		854CE6D22483CFF300CDA53B /* EmojiMemoryGameView.swift in Sources */ = {isa = PBXBuildFile; fileRef = 854CE6D12483CFF300CDA53B /* EmojiMemoryGameView.swift */; };
		854CE6D42483CFF900CDA53B /* Assets.xcassets in Resources */ = {isa = PBXBuildFile; fileRef = 854CE6D32483CFF900CDA53B /* Assets.xcassets */; };
		854CE6D72483CFF900CDA53B /* Preview Assets.xcassets in Resources */ = {isa = PBXBuildFile; fileRef = 854CE6D62483CFF900CDA53B /* Preview Assets.xcassets */; };
		854CE6DA2483CFFA00CDA53B /* LaunchScreen.storyboard in Resources */ = {isa = PBXBuildFile; fileRef = 854CE6D82483CFFA00CDA53B /* LaunchScreen.storyboard */; };
		854CE6E32483FC5000CDA53B /* MemoryGame.swift in Sources */ = {isa = PBXBuildFile; fileRef = 854CE6E22483FC5000CDA53B /* MemoryGame.swift */; };
		854CE6E62483FE3F00CDA53B /* EmojiMemoryGame.swift in Sources */ = {isa = PBXBuildFile; fileRef = 854CE6E52483FE3F00CDA53B /* EmojiMemoryGame.swift */; };
/* End PBXBuildFile section */

/* Begin PBXFileReference section */
		8540EBF42496430200A2AF9E /* Grid.swift */ = {isa = PBXFileReference; lastKnownFileType = sourcecode.swift; path = Grid.swift; sourceTree = "<group>"; };
		8540EBF62496482600A2AF9E /* GridLayout.swift */ = {isa = PBXFileReference; lastKnownFileType = sourcecode.swift; path = GridLayout.swift; sourceTree = "<group>"; };
		8540EBF8249684FE00A2AF9E /* Theme.swift */ = {isa = PBXFileReference; lastKnownFileType = sourcecode.swift; path = Theme.swift; sourceTree = "<group>"; };
		8540EBFA249F977C00A2AF9E /* Pie.swift */ = {isa = PBXFileReference; lastKnownFileType = sourcecode.swift; path = Pie.swift; sourceTree = "<group>"; };
		8540EBFC249F9D9C00A2AF9E /* Cardify.swift */ = {isa = PBXFileReference; lastKnownFileType = sourcecode.swift; path = Cardify.swift; sourceTree = "<group>"; };
		854CE6CA2483CFF300CDA53B /* LessonOne.app */ = {isa = PBXFileReference; explicitFileType = wrapper.application; includeInIndex = 0; path = LessonOne.app; sourceTree = BUILT_PRODUCTS_DIR; };
		854CE6CD2483CFF300CDA53B /* AppDelegate.swift */ = {isa = PBXFileReference; lastKnownFileType = sourcecode.swift; path = AppDelegate.swift; sourceTree = "<group>"; };
		854CE6CF2483CFF300CDA53B /* SceneDelegate.swift */ = {isa = PBXFileReference; lastKnownFileType = sourcecode.swift; path = SceneDelegate.swift; sourceTree = "<group>"; };
		854CE6D12483CFF300CDA53B /* EmojiMemoryGameView.swift */ = {isa = PBXFileReference; lastKnownFileType = sourcecode.swift; path = EmojiMemoryGameView.swift; sourceTree = "<group>"; };
		854CE6D32483CFF900CDA53B /* Assets.xcassets */ = {isa = PBXFileReference; lastKnownFileType = folder.assetcatalog; path = Assets.xcassets; sourceTree = "<group>"; };
		854CE6D62483CFF900CDA53B /* Preview Assets.xcassets */ = {isa = PBXFileReference; lastKnownFileType = folder.assetcatalog; path = "Preview Assets.xcassets"; sourceTree = "<group>"; };
		854CE6D92483CFFA00CDA53B /* Base */ = {isa = PBXFileReference; lastKnownFileType = file.storyboard; name = Base; path = Base.lproj/LaunchScreen.storyboard; sourceTree = "<group>"; };
		854CE6DB2483CFFA00CDA53B /* Info.plist */ = {isa = PBXFileReference; lastKnownFileType = text.plist.xml; path = Info.plist; sourceTree = "<group>"; };
		854CE6E22483FC5000CDA53B /* MemoryGame.swift */ = {isa = PBXFileReference; lastKnownFileType = sourcecode.swift; path = MemoryGame.swift; sourceTree = "<group>"; };
		854CE6E52483FE3F00CDA53B /* EmojiMemoryGame.swift */ = {isa = PBXFileReference; lastKnownFileType = sourcecode.swift; path = EmojiMemoryGame.swift; sourceTree = "<group>"; };
/* End PBXFileReference section */

/* Begin PBXFrameworksBuildPhase section */
		854CE6C72483CFF300CDA53B /* Frameworks */ = {
			isa = PBXFrameworksBuildPhase;
			buildActionMask = 2147483647;
			files = (
			);
			runOnlyForDeploymentPostprocessing = 0;
		};
/* End PBXFrameworksBuildPhase section */

/* Begin PBXGroup section */
		854CE6C12483CFF300CDA53B = {
			isa = PBXGroup;
			children = (
				854CE6CC2483CFF300CDA53B /* LessonOne */,
				854CE6CB2483CFF300CDA53B /* Products */,
			);
			sourceTree = "<group>";
		};
		854CE6CB2483CFF300CDA53B /* Products */ = {
			isa = PBXGroup;
			children = (
				854CE6CA2483CFF300CDA53B /* LessonOne.app */,
			);
			name = Products;
			sourceTree = "<group>";
		};
		854CE6CC2483CFF300CDA53B /* LessonOne */ = {
			isa = PBXGroup;
			children = (
				854CE6E824840AA800CDA53B /* View */,
				854CE6E72483FE4B00CDA53B /* ViewModel */,
				854CE6E42483FC5500CDA53B /* Model */,
				854CE6CD2483CFF300CDA53B /* AppDelegate.swift */,
				854CE6CF2483CFF300CDA53B /* SceneDelegate.swift */,
				854CE6D32483CFF900CDA53B /* Assets.xcassets */,
				854CE6D82483CFFA00CDA53B /* LaunchScreen.storyboard */,
				854CE6DB2483CFFA00CDA53B /* Info.plist */,
				854CE6D52483CFF900CDA53B /* Preview Content */,
			);
			path = LessonOne;
			sourceTree = "<group>";
		};
		854CE6D52483CFF900CDA53B /* Preview Content */ = {
			isa = PBXGroup;
			children = (
				854CE6D62483CFF900CDA53B /* Preview Assets.xcassets */,
			);
			path = "Preview Content";
			sourceTree = "<group>";
		};
		854CE6E42483FC5500CDA53B /* Model */ = {
			isa = PBXGroup;
			children = (
				854CE6E22483FC5000CDA53B /* MemoryGame.swift */,
				8540EBF8249684FE00A2AF9E /* Theme.swift */,
			);
			path = Model;
			sourceTree = "<group>";
		};
		854CE6E72483FE4B00CDA53B /* ViewModel */ = {
			isa = PBXGroup;
			children = (
				854CE6E52483FE3F00CDA53B /* EmojiMemoryGame.swift */,
			);
			path = ViewModel;
			sourceTree = "<group>";
		};
		854CE6E824840AA800CDA53B /* View */ = {
			isa = PBXGroup;
			children = (
				854CE6D12483CFF300CDA53B /* EmojiMemoryGameView.swift */,
				8540EBFC249F9D9C00A2AF9E /* Cardify.swift */,
				8540EBF42496430200A2AF9E /* Grid.swift */,
				8540EBF62496482600A2AF9E /* GridLayout.swift */,
				8540EBFA249F977C00A2AF9E /* Pie.swift */,
			);
			path = View;
			sourceTree = "<group>";
		};
/* End PBXGroup section */

/* Begin PBXNativeTarget section */
		854CE6C92483CFF300CDA53B /* LessonOne */ = {
			isa = PBXNativeTarget;
			buildConfigurationList = 854CE6DE2483CFFA00CDA53B /* Build configuration list for PBXNativeTarget "LessonOne" */;
			buildPhases = (
				854CE6C62483CFF300CDA53B /* Sources */,
				854CE6C72483CFF300CDA53B /* Frameworks */,
				854CE6C82483CFF300CDA53B /* Resources */,
				854CE6E12483D04700CDA53B /* Swiftlint */,
			);
			buildRules = (
			);
			dependencies = (
			);
			name = LessonOne;
			productName = LessonOne;
			productReference = 854CE6CA2483CFF300CDA53B /* LessonOne.app */;
			productType = "com.apple.product-type.application";
		};
/* End PBXNativeTarget section */

/* Begin PBXProject section */
		854CE6C22483CFF300CDA53B /* Project object */ = {
			isa = PBXProject;
			attributes = {
				LastSwiftUpdateCheck = 1150;
				LastUpgradeCheck = 1150;
				ORGANIZATIONNAME = "Stanislav Kozlov";
				TargetAttributes = {
					854CE6C92483CFF300CDA53B = {
						CreatedOnToolsVersion = 11.5;
					};
				};
			};
			buildConfigurationList = 854CE6C52483CFF300CDA53B /* Build configuration list for PBXProject "LessonOne" */;
			compatibilityVersion = "Xcode 9.3";
			developmentRegion = en;
			hasScannedForEncodings = 0;
			knownRegions = (
				en,
				Base,
			);
			mainGroup = 854CE6C12483CFF300CDA53B;
			productRefGroup = 854CE6CB2483CFF300CDA53B /* Products */;
			projectDirPath = "";
			projectRoot = "";
			targets = (
				854CE6C92483CFF300CDA53B /* LessonOne */,
			);
		};
/* End PBXProject section */

/* Begin PBXResourcesBuildPhase section */
		854CE6C82483CFF300CDA53B /* Resources */ = {
			isa = PBXResourcesBuildPhase;
			buildActionMask = 2147483647;
			files = (
				854CE6DA2483CFFA00CDA53B /* LaunchScreen.storyboard in Resources */,
				854CE6D72483CFF900CDA53B /* Preview Assets.xcassets in Resources */,
				854CE6D42483CFF900CDA53B /* Assets.xcassets in Resources */,
			);
			runOnlyForDeploymentPostprocessing = 0;
		};
/* End PBXResourcesBuildPhase section */

/* Begin PBXShellScriptBuildPhase section */
		854CE6E12483D04700CDA53B /* Swiftlint */ = {
			isa = PBXShellScriptBuildPhase;
			buildActionMask = 2147483647;
			files = (
			);
			inputFileListPaths = (
			);
			inputPaths = (
			);
			name = Swiftlint;
			outputFileListPaths = (
			);
			outputPaths = (
			);
			runOnlyForDeploymentPostprocessing = 0;
			shellPath = /bin/sh;
			shellScript = "if which swiftlint >/dev/null; then\n  swiftlint\nelse\n  echo \"warning: SwiftLint not installed, download from https://github.com/realm/SwiftLint\"\nfi\n";
		};
/* End PBXShellScriptBuildPhase section */

/* Begin PBXSourcesBuildPhase section */
		854CE6C62483CFF300CDA53B /* Sources */ = {
			isa = PBXSourcesBuildPhase;
			buildActionMask = 2147483647;
			files = (
				854CE6CE2483CFF300CDA53B /* AppDelegate.swift in Sources */,
				8540EBF9249684FE00A2AF9E /* Theme.swift in Sources */,
				854CE6D02483CFF300CDA53B /* SceneDelegate.swift in Sources */,
				8540EBFB249F977C00A2AF9E /* Pie.swift in Sources */,
				854CE6E32483FC5000CDA53B /* MemoryGame.swift in Sources */,
				854CE6D22483CFF300CDA53B /* EmojiMemoryGameView.swift in Sources */,
				854CE6E62483FE3F00CDA53B /* EmojiMemoryGame.swift in Sources */,
				8540EBF72496482600A2AF9E /* GridLayout.swift in Sources */,
				8540EBFD249F9D9C00A2AF9E /* Cardify.swift in Sources */,
				8540EBF52496430200A2AF9E /* Grid.swift in Sources */,
			);
			runOnlyForDeploymentPostprocessing = 0;
		};
/* End PBXSourcesBuildPhase section */

/* Begin PBXVariantGroup section */
		854CE6D82483CFFA00CDA53B /* LaunchScreen.storyboard */ = {
			isa = PBXVariantGroup;
			children = (
				854CE6D92483CFFA00CDA53B /* Base */,
			);
			name = LaunchScreen.storyboard;
			sourceTree = "<group>";
		};
/* End PBXVariantGroup section */

/* Begin XCBuildConfiguration section */
		854CE6DC2483CFFA00CDA53B /* Debug */ = {
			isa = XCBuildConfiguration;
			buildSettings = {
				ALWAYS_SEARCH_USER_PATHS = NO;
				CLANG_ANALYZER_NONNULL = YES;
				CLANG_ANALYZER_NUMBER_OBJECT_CONVERSION = YES_AGGRESSIVE;
				CLANG_CXX_LANGUAGE_STANDARD = "gnu++14";
				CLANG_CXX_LIBRARY = "libc++";
				CLANG_ENABLE_MODULES = YES;
				CLANG_ENABLE_OBJC_ARC = YES;
				CLANG_ENABLE_OBJC_WEAK = YES;
				CLANG_WARN_BLOCK_CAPTURE_AUTORELEASING = YES;
				CLANG_WARN_BOOL_CONVERSION = YES;
				CLANG_WARN_COMMA = YES;
				CLANG_WARN_CONSTANT_CONVERSION = YES;
				CLANG_WARN_DEPRECATED_OBJC_IMPLEMENTATIONS = YES;
				CLANG_WARN_DIRECT_OBJC_ISA_USAGE = YES_ERROR;
				CLANG_WARN_DOCUMENTATION_COMMENTS = YES;
				CLANG_WARN_EMPTY_BODY = YES;
				CLANG_WARN_ENUM_CONVERSION = YES;
				CLANG_WARN_INFINITE_RECURSION = YES;
				CLANG_WARN_INT_CONVERSION = YES;
				CLANG_WARN_NON_LITERAL_NULL_CONVERSION = YES;
				CLANG_WARN_OBJC_IMPLICIT_RETAIN_SELF = YES;
				CLANG_WARN_OBJC_LITERAL_CONVERSION = YES;
				CLANG_WARN_OBJC_ROOT_CLASS = YES_ERROR;
				CLANG_WARN_RANGE_LOOP_ANALYSIS = YES;
				CLANG_WARN_STRICT_PROTOTYPES = YES;
				CLANG_WARN_SUSPICIOUS_MOVE = YES;
				CLANG_WARN_UNGUARDED_AVAILABILITY = YES_AGGRESSIVE;
				CLANG_WARN_UNREACHABLE_CODE = YES;
				CLANG_WARN__DUPLICATE_METHOD_MATCH = YES;
				COPY_PHASE_STRIP = NO;
				DEBUG_INFORMATION_FORMAT = dwarf;
				ENABLE_STRICT_OBJC_MSGSEND = YES;
				ENABLE_TESTABILITY = YES;
				GCC_C_LANGUAGE_STANDARD = gnu11;
				GCC_DYNAMIC_NO_PIC = NO;
				GCC_NO_COMMON_BLOCKS = YES;
				GCC_OPTIMIZATION_LEVEL = 0;
				GCC_PREPROCESSOR_DEFINITIONS = (
					"DEBUG=1",
					"$(inherited)",
				);
				GCC_WARN_64_TO_32_BIT_CONVERSION = YES;
				GCC_WARN_ABOUT_RETURN_TYPE = YES_ERROR;
				GCC_WARN_UNDECLARED_SELECTOR = YES;
				GCC_WARN_UNINITIALIZED_AUTOS = YES_AGGRESSIVE;
				GCC_WARN_UNUSED_FUNCTION = YES;
				GCC_WARN_UNUSED_VARIABLE = YES;
				IPHONEOS_DEPLOYMENT_TARGET = 13.5;
				MTL_ENABLE_DEBUG_INFO = INCLUDE_SOURCE;
				MTL_FAST_MATH = YES;
				ONLY_ACTIVE_ARCH = YES;
				SDKROOT = iphoneos;
				SWIFT_ACTIVE_COMPILATION_CONDITIONS = DEBUG;
				SWIFT_OPTIMIZATION_LEVEL = "-Onone";
			};
			name = Debug;
		};
		854CE6DD2483CFFA00CDA53B /* Release */ = {
			isa = XCBuildConfiguration;
			buildSettings = {
				ALWAYS_SEARCH_USER_PATHS = NO;
				CLANG_ANALYZER_NONNULL = YES;
				CLANG_ANALYZER_NUMBER_OBJECT_CONVERSION = YES_AGGRESSIVE;
				CLANG_CXX_LANGUAGE_STANDARD = "gnu++14";
				CLANG_CXX_LIBRARY = "libc++";
				CLANG_ENABLE_MODULES = YES;
				CLANG_ENABLE_OBJC_ARC = YES;
				CLANG_ENABLE_OBJC_WEAK = YES;
				CLANG_WARN_BLOCK_CAPTURE_AUTORELEASING = YES;
				CLANG_WARN_BOOL_CONVERSION = YES;
				CLANG_WARN_COMMA = YES;
				CLANG_WARN_CONSTANT_CONVERSION = YES;
				CLANG_WARN_DEPRECATED_OBJC_IMPLEMENTATIONS = YES;
				CLANG_WARN_DIRECT_OBJC_ISA_USAGE = YES_ERROR;
				CLANG_WARN_DOCUMENTATION_COMMENTS = YES;
				CLANG_WARN_EMPTY_BODY = YES;
				CLANG_WARN_ENUM_CONVERSION = YES;
				CLANG_WARN_INFINITE_RECURSION = YES;
				CLANG_WARN_INT_CONVERSION = YES;
				CLANG_WARN_NON_LITERAL_NULL_CONVERSION = YES;
				CLANG_WARN_OBJC_IMPLICIT_RETAIN_SELF = YES;
				CLANG_WARN_OBJC_LITERAL_CONVERSION = YES;
				CLANG_WARN_OBJC_ROOT_CLASS = YES_ERROR;
				CLANG_WARN_RANGE_LOOP_ANALYSIS = YES;
				CLANG_WARN_STRICT_PROTOTYPES = YES;
				CLANG_WARN_SUSPICIOUS_MOVE = YES;
				CLANG_WARN_UNGUARDED_AVAILABILITY = YES_AGGRESSIVE;
				CLANG_WARN_UNREACHABLE_CODE = YES;
				CLANG_WARN__DUPLICATE_METHOD_MATCH = YES;
				COPY_PHASE_STRIP = NO;
				DEBUG_INFORMATION_FORMAT = "dwarf-with-dsym";
				ENABLE_NS_ASSERTIONS = NO;
				ENABLE_STRICT_OBJC_MSGSEND = YES;
				GCC_C_LANGUAGE_STANDARD = gnu11;
				GCC_NO_COMMON_BLOCKS = YES;
				GCC_WARN_64_TO_32_BIT_CONVERSION = YES;
				GCC_WARN_ABOUT_RETURN_TYPE = YES_ERROR;
				GCC_WARN_UNDECLARED_SELECTOR = YES;
				GCC_WARN_UNINITIALIZED_AUTOS = YES_AGGRESSIVE;
				GCC_WARN_UNUSED_FUNCTION = YES;
				GCC_WARN_UNUSED_VARIABLE = YES;
				IPHONEOS_DEPLOYMENT_TARGET = 13.5;
				MTL_ENABLE_DEBUG_INFO = NO;
				MTL_FAST_MATH = YES;
				SDKROOT = iphoneos;
				SWIFT_COMPILATION_MODE = wholemodule;
				SWIFT_OPTIMIZATION_LEVEL = "-O";
				VALIDATE_PRODUCT = YES;
			};
			name = Release;
		};
		854CE6DF2483CFFA00CDA53B /* Debug */ = {
			isa = XCBuildConfiguration;
			buildSettings = {
				ASSETCATALOG_COMPILER_APPICON_NAME = AppIcon;
				CODE_SIGN_STYLE = Automatic;
				DEVELOPMENT_ASSET_PATHS = "\"LessonOne/Preview Content\"";
				DEVELOPMENT_TEAM = M7X82K2M45;
				ENABLE_PREVIEWS = YES;
				INFOPLIST_FILE = LessonOne/Info.plist;
				LD_RUNPATH_SEARCH_PATHS = (
					"$(inherited)",
					"@executable_path/Frameworks",
				);
				PRODUCT_BUNDLE_IDENTIFIER = com.bleymy.LessonOne;
				PRODUCT_NAME = "$(TARGET_NAME)";
				SWIFT_VERSION = 5.0;
				TARGETED_DEVICE_FAMILY = "1,2";
			};
			name = Debug;
		};
		854CE6E02483CFFA00CDA53B /* Release */ = {
			isa = XCBuildConfiguration;
			buildSettings = {
				ASSETCATALOG_COMPILER_APPICON_NAME = AppIcon;
				CODE_SIGN_STYLE = Automatic;
				DEVELOPMENT_ASSET_PATHS = "\"LessonOne/Preview Content\"";
				DEVELOPMENT_TEAM = M7X82K2M45;
				ENABLE_PREVIEWS = YES;
				INFOPLIST_FILE = LessonOne/Info.plist;
				LD_RUNPATH_SEARCH_PATHS = (
					"$(inherited)",
					"@executable_path/Frameworks",
				);
				PRODUCT_BUNDLE_IDENTIFIER = com.bleymy.LessonOne;
				PRODUCT_NAME = "$(TARGET_NAME)";
				SWIFT_VERSION = 5.0;
				TARGETED_DEVICE_FAMILY = "1,2";
			};
			name = Release;
		};
/* End XCBuildConfiguration section */

/* Begin XCConfigurationList section */
		854CE6C52483CFF300CDA53B /* Build configuration list for PBXProject "LessonOne" */ = {
			isa = XCConfigurationList;
			buildConfigurations = (
				854CE6DC2483CFFA00CDA53B /* Debug */,
				854CE6DD2483CFFA00CDA53B /* Release */,
			);
			defaultConfigurationIsVisible = 0;
			defaultConfigurationName = Release;
		};
		854CE6DE2483CFFA00CDA53B /* Build configuration list for PBXNativeTarget "LessonOne" */ = {
			isa = XCConfigurationList;
			buildConfigurations = (
				854CE6DF2483CFFA00CDA53B /* Debug */,
				854CE6E02483CFFA00CDA53B /* Release */,
			);
			defaultConfigurationIsVisible = 0;
			defaultConfigurationName = Release;
		};
/* End XCConfigurationList section */
	};
	rootObject = 854CE6C22483CFF300CDA53B /* Project object */;
}
